
Microsoft Visual Studio Solution File, Format Version 12.00
# Visual Studio Version 17
VisualStudioVersion = 17.8.34330.188
MinimumVisualStudioVersion = 10.0.40219.1
Project("{FAE04EC0-301F-11D3-BF4B-00C04F79EFBC}") = "SalesWebMvc", "SalesWebMvc\SalesWebMvc.csproj", "{16FBE698-41C8-40F4-9C13-3A5CAB044D92}"
EndProject
Global
	GlobalSection(SolutionConfigurationPlatforms) = preSolution
		Debug|Any CPU = Debug|Any CPU
		Release|Any CPU = Release|Any CPU
	EndGlobalSection
	GlobalSection(ProjectConfigurationPlatforms) = postSolution
		{16FBE698-41C8-40F4-9C13-3A5CAB044D92}.Debug|Any CPU.ActiveCfg = Debug|Any CPU
		{16FBE698-41C8-40F4-9C13-3A5CAB044D92}.Debug|Any CPU.Build.0 = Debug|Any CPU
		{16FBE698-41C8-40F4-9C13-3A5CAB044D92}.Release|Any CPU.ActiveCfg = Release|Any CPU
		{16FBE698-41C8-40F4-9C13-3A5CAB044D92}.Release|Any CPU.Build.0 = Release|Any CPU
	EndGlobalSection
	GlobalSection(SolutionProperties) = preSolution
		HideSolutionNode = FALSE
	EndGlobalSection
	GlobalSection(ExtensibilityGlobals) = postSolution
		SolutionGuid = {A9983CD0-1448-45C0-8DEA-0F1D7B350A35}
	EndGlobalSection
EndGlobal
